
Microsoft Visual Studio Solution File, Format Version 12.00
# Visual Studio 2013
VisualStudioVersion = 12.0.21005.1
MinimumVisualStudioVersion = 10.0.40219.1
Project("{E729F059-12D4-455F-A2A4-FDA8DD25E08A}") = "My Pricey", "F:\BAYAS\My Pricey.isproj", "{691605DE-BB08-4687-8C73-B9B09A559649}"
EndProject
Global
	GlobalSection(SolutionConfigurationPlatforms) = preSolution
		Debug|Any CPU = Debug|Any CPU
		Release|Any CPU = Release|Any CPU
	EndGlobalSection
	GlobalSection(ProjectConfigurationPlatforms) = postSolution
		{691605DE-BB08-4687-8C73-B9B09A559649}.Debug|Any CPU.ActiveCfg = Debug
		{691605DE-BB08-4687-8C73-B9B09A559649}.Debug|Any CPU.Build.0 = Debug
		{691605DE-BB08-4687-8C73-B9B09A559649}.Release|Any CPU.ActiveCfg = Release
		{691605DE-BB08-4687-8C73-B9B09A559649}.Release|Any CPU.Build.0 = Release
	EndGlobalSection
	GlobalSection(SolutionProperties) = preSolution
		HideSolutionNode = FALSE
	EndGlobalSection
EndGlobal
